PODS:
  - AFNetworking (3.1.0):
    - AFNetworking/NSURLSession (= 3.1.0)
    - AFNetworking/Reachability (= 3.1.0)
    - AFNetworking/Security (= 3.1.0)
    - AFNetworking/Serialization (= 3.1.0)
    - AFNetworking/UIKit (= 3.1.0)
  - AFNetworking/NSURLSession (3.1.0):
    - AFNetworking/Reachability
    - AFNetworking/Security
    - AFNetworking/Serialization
  - AFNetworking/Reachability (3.1.0)
  - AFNetworking/Security (3.1.0)
  - AFNetworking/Serialization (3.1.0)
  - AFNetworking/UIKit (3.1.0):
    - AFNetworking/NSURLSession
  - OCMock (3.3.1)
  - SlackTextViewController (1.9.6)
  - SWRevealViewController (2.3.0)
  - TwilioChatClient (4.0.0)

DEPENDENCIES:
  - AFNetworking (~> 3.0)
  - OCMock (~> 3.2)
  - SlackTextViewController (= 1.9.6)
  - SWRevealViewController (~> 2.3)
  - TwilioChatClient (~> 4.0)

SPEC REPOS:
  https://github.com/CocoaPods/Specs.git:
    - AFNetworking
    - OCMock
    - SlackTextViewController
    - SWRevealViewController
    - TwilioChatClient

SPEC CHECKSUMS:
  AFNetworking: 5e0e199f73d8626b11e79750991f5d173d1f8b67
  OCMock: f3f61e6eaa16038c30caa5798c5e49d3307b6f22
  SlackTextViewController: b854e62c1c156336bc4fd409c6ca79b5773e8f9d
  SWRevealViewController: 6d3fd97f70112fd7cef9de14df4260eacce4c63a
  TwilioChatClient: 72fad6bd1fcff3bb13d90a5a5c873509072d859a

PODFILE CHECKSUM: e094db553f60bd0a65a7684d095120b10ced6504

COCOAPODS: 1.8.4
