// !$*UTF8*$!
{
	archiveVersion = 1;
	classes = {
	};
	objectVersion = 46;
	objects = {

/* Begin PBXBuildFile section */
		1280D1A926807A523E8A2697 /* libPods-twiliochat.a in Frameworks */ = {isa = PBXBuildFile; fileRef = 7834F26AFB8ED02DD8AF41DF /* libPods-twiliochat.a */; };
		203A90AB705CF217141F2412 /* libPods-twiliochatTests.a in Frameworks */ = {isa = PBXBuildFile; fileRef = 8270D2027DDF16AF9AADE12D /* libPods-twiliochatTests.a */; };
		593F44771BFA5E2900B57504 /* MenuTableCell.m in Sources */ = {isa = PBXBuildFile; fileRef = 593F44761BFA5E2900B57504 /* MenuTableCell.m */; };
		593F447B1BFA7D6A00B57504 /* InputDialogController.m in Sources */ = {isa = PBXBuildFile; fileRef = 593F447A1BFA7D6A00B57504 /* InputDialogController.m */; };
		59BD03161BF68C1E00A4AA88 /* MainChatViewController.m in Sources */ = {isa = PBXBuildFile; fileRef = 59BD03151BF68C1E00A4AA88 /* MainChatViewController.m */; };
		59BD031D1BF6936000A4AA88 /* MenuViewController.m in Sources */ = {isa = PBXBuildFile; fileRef = 59BD031C1BF6936000A4AA88 /* MenuViewController.m */; };
		59BD03211BFA296900A4AA88 /* MessagingManager.m in Sources */ = {isa = PBXBuildFile; fileRef = 59BD03201BFA296900A4AA88 /* MessagingManager.m */; };
		59F208F01C03920800CC2392 /* AlertDialogController.m in Sources */ = {isa = PBXBuildFile; fileRef = 59F208EF1C03920800CC2392 /* AlertDialogController.m */; };
		59F5EDAA1C652E3700CE7D32 /* SessionManager.m in Sources */ = {isa = PBXBuildFile; fileRef = 59F5EDA91C652E3700CE7D32 /* SessionManager.m */; };
		59F5EDAE1C653CA400CE7D32 /* TokenRequestHandler.m in Sources */ = {isa = PBXBuildFile; fileRef = 59F5EDAD1C653CA400CE7D32 /* TokenRequestHandler.m */; };
		7D8DCB141BFED14F009B1B6D /* MessagingManagerLoginTests.m in Sources */ = {isa = PBXBuildFile; fileRef = 7D8DCB131BFED14F009B1B6D /* MessagingManagerLoginTests.m */; };
		7DAC272C1C053D08006CEA49 /* ChannelManager.m in Sources */ = {isa = PBXBuildFile; fileRef = 7DAC272B1C053D08006CEA49 /* ChannelManager.m */; };
		870855421C061C05006E38F5 /* StatusEntry.m in Sources */ = {isa = PBXBuildFile; fileRef = 870855411C061C05006E38F5 /* StatusEntry.m */; };
		8750C85E1BF530330015CBE1 /* Keys.plist in Resources */ = {isa = PBXBuildFile; fileRef = 8750C85D1BF530330015CBE1 /* Keys.plist */; };
		8762FB941C0F348600A1A035 /* DateTodayFormatter.m in Sources */ = {isa = PBXBuildFile; fileRef = 8762FB931C0F348600A1A035 /* DateTodayFormatter.m */; };
		87A486021BFB5E9500E4BE8F /* ChatTableCell.m in Sources */ = {isa = PBXBuildFile; fileRef = 87A486011BFB5E9500E4BE8F /* ChatTableCell.m */; };
		87B6AC241BF51D6600E55FE2 /* main.m in Sources */ = {isa = PBXBuildFile; fileRef = 87B6AC231BF51D6600E55FE2 /* main.m */; };
		87B6AC271BF51D6600E55FE2 /* AppDelegate.m in Sources */ = {isa = PBXBuildFile; fileRef = 87B6AC261BF51D6600E55FE2 /* AppDelegate.m */; };
		87B6AC2A1BF51D6600E55FE2 /* LoginViewController.m in Sources */ = {isa = PBXBuildFile; fileRef = 87B6AC291BF51D6600E55FE2 /* LoginViewController.m */; };
		87B6AC2D1BF51D6600E55FE2 /* Main.storyboard in Resources */ = {isa = PBXBuildFile; fileRef = 87B6AC2B1BF51D6600E55FE2 /* Main.storyboard */; };
		87B6AC2F1BF51D6600E55FE2 /* Assets.xcassets in Resources */ = {isa = PBXBuildFile; fileRef = 87B6AC2E1BF51D6600E55FE2 /* Assets.xcassets */; };
		87B6AC321BF51D6600E55FE2 /* LaunchScreen.storyboard in Resources */ = {isa = PBXBuildFile; fileRef = 87B6AC301BF51D6600E55FE2 /* LaunchScreen.storyboard */; };
		87B6AC3D1BF51D6600E55FE2 /* LoginViewControllerTests.m in Sources */ = {isa = PBXBuildFile; fileRef = 87B6AC3C1BF51D6600E55FE2 /* LoginViewControllerTests.m */; };
		87B6AC481BF51D6600E55FE2 /* twiliochatUITests.m in Sources */ = {isa = PBXBuildFile; fileRef = 87B6AC471BF51D6600E55FE2 /* twiliochatUITests.m */; };
		87DB89EC1BFE398C00E3935B /* MessagingManagerPresentTests.m in Sources */ = {isa = PBXBuildFile; fileRef = 87DB89EB1BFE398C00E3935B /* MessagingManagerPresentTests.m */; };
		87DB89F11C03A94300E3935B /* NSDate+ISO8601Parser.m in Sources */ = {isa = PBXBuildFile; fileRef = 87DB89F01C03A94300E3935B /* NSDate+ISO8601Parser.m */; };
		87EF60291C0902F400814B63 /* TextFieldFormHandler.m in Sources */ = {isa = PBXBuildFile; fileRef = 87EF60281C0902F400814B63 /* TextFieldFormHandler.m */; };
		87F2CE6F1BFD2C390064D863 /* ChatTableCell.xib in Resources */ = {isa = PBXBuildFile; fileRef = 87F2CE6E1BFD2C390064D863 /* ChatTableCell.xib */; };
		87F2CE731BFD356F0064D863 /* ChatStatusTableCell.xib in Resources */ = {isa = PBXBuildFile; fileRef = 87F2CE721BFD356F0064D863 /* ChatStatusTableCell.xib */; };
		A6791A025DDCD04B5D1F443F /* libPods-twiliochatUITests.a in Frameworks */ = {isa = PBXBuildFile; fileRef = 0EE6C21A5FA4BAC2BD3FFCDA /* libPods-twiliochatUITests.a */; };
		AD9906D51C0EB1A800913A52 /* DateTodayFormatterTests.m in Sources */ = {isa = PBXBuildFile; fileRef = AD9906D41C0EB1A800913A52 /* DateTodayFormatterTests.m */; };
/* End PBXBuildFile section */

/* Begin PBXContainerItemProxy section */
		87B6AC391BF51D6600E55FE2 /* PBXContainerItemProxy */ = {
			isa = PBXContainerItemProxy;
			containerPortal = 87B6AC171BF51D6600E55FE2 /* Project object */;
			proxyType = 1;
			remoteGlobalIDString = 87B6AC1E1BF51D6600E55FE2;
			remoteInfo = twiliochat;
		};
		87B6AC441BF51D6600E55FE2 /* PBXContainerItemProxy */ = {
			isa = PBXContainerItemProxy;
			containerPortal = 87B6AC171BF51D6600E55FE2 /* Project object */;
			proxyType = 1;
			remoteGlobalIDString = 87B6AC1E1BF51D6600E55FE2;
			remoteInfo = twiliochat;
		};
/* End PBXContainerItemProxy section */

/* Begin PBXFileReference section */
		014FD06230CEB21B7E64E90F /* Pods-twiliochatUITests.debug.xcconfig */ = {isa = PBXFileReference; includeInIndex = 1; lastKnownFileType = text.xcconfig; name = "Pods-twiliochatUITests.debug.xcconfig"; path = "Pods/Target Support Files/Pods-twiliochatUITests/Pods-twiliochatUITests.debug.xcconfig"; sourceTree = "<group>"; };
		0EE6C21A5FA4BAC2BD3FFCDA /* libPods-twiliochatUITests.a */ = {isa = PBXFileReference; explicitFileType = archive.ar; includeInIndex = 0; path = "libPods-twiliochatUITests.a"; sourceTree = BUILT_PRODUCTS_DIR; };
		26536A5AB78E28EBB872158F /* Pods-twiliochatTests.release.xcconfig */ = {isa = PBXFileReference; includeInIndex = 1; lastKnownFileType = text.xcconfig; name = "Pods-twiliochatTests.release.xcconfig"; path = "Pods/Target Support Files/Pods-twiliochatTests/Pods-twiliochatTests.release.xcconfig"; sourceTree = "<group>"; };
		3AAB383831FE87AC3AD63E71 /* Pods-twiliochatTests.debug.xcconfig */ = {isa = PBXFileReference; includeInIndex = 1; lastKnownFileType = text.xcconfig; name = "Pods-twiliochatTests.debug.xcconfig"; path = "Pods/Target Support Files/Pods-twiliochatTests/Pods-twiliochatTests.debug.xcconfig"; sourceTree = "<group>"; };
		413E6B0A06E863D82FE7B36B /* Pods-twiliochat.release.xcconfig */ = {isa = PBXFileReference; includeInIndex = 1; lastKnownFileType = text.xcconfig; name = "Pods-twiliochat.release.xcconfig"; path = "Pods/Target Support Files/Pods-twiliochat/Pods-twiliochat.release.xcconfig"; sourceTree = "<group>"; };
		593F44751BFA5E2900B57504 /* MenuTableCell.h */ = {isa = PBXFileReference; fileEncoding = 4; lastKnownFileType = sourcecode.c.h; path = MenuTableCell.h; sourceTree = "<group>"; };
		593F44761BFA5E2900B57504 /* MenuTableCell.m */ = {isa = PBXFileReference; fileEncoding = 4; lastKnownFileType = sourcecode.c.objc; path = MenuTableCell.m; sourceTree = "<group>"; };
		593F44791BFA7D6A00B57504 /* InputDialogController.h */ = {isa = PBXFileReference; fileEncoding = 4; lastKnownFileType = sourcecode.c.h; path = InputDialogController.h; sourceTree = "<group>"; };
		593F447A1BFA7D6A00B57504 /* InputDialogController.m */ = {isa = PBXFileReference; fileEncoding = 4; lastKnownFileType = sourcecode.c.objc; path = InputDialogController.m; sourceTree = "<group>"; };
		59BD03141BF68C1E00A4AA88 /* MainChatViewController.h */ = {isa = PBXFileReference; fileEncoding = 4; lastKnownFileType = sourcecode.c.h; path = MainChatViewController.h; sourceTree = "<group>"; };
		59BD03151BF68C1E00A4AA88 /* MainChatViewController.m */ = {isa = PBXFileReference; fileEncoding = 4; lastKnownFileType = sourcecode.c.objc; lineEnding = 0; path = MainChatViewController.m; sourceTree = "<group>"; xcLanguageSpecificationIdentifier = xcode.lang.objc; };
		59BD031B1BF6936000A4AA88 /* MenuViewController.h */ = {isa = PBXFileReference; fileEncoding = 4; lastKnownFileType = sourcecode.c.h; path = MenuViewController.h; sourceTree = "<group>"; };
		59BD031C1BF6936000A4AA88 /* MenuViewController.m */ = {isa = PBXFileReference; fileEncoding = 4; lastKnownFileType = sourcecode.c.objc; lineEnding = 0; path = MenuViewController.m; sourceTree = "<group>"; xcLanguageSpecificationIdentifier = xcode.lang.objc; };
		59BD031F1BFA296900A4AA88 /* MessagingManager.h */ = {isa = PBXFileReference; fileEncoding = 4; lastKnownFileType = sourcecode.c.h; path = MessagingManager.h; sourceTree = "<group>"; };
		59BD03201BFA296900A4AA88 /* MessagingManager.m */ = {isa = PBXFileReference; fileEncoding = 4; lastKnownFileType = sourcecode.c.objc; lineEnding = 0; path = MessagingManager.m; sourceTree = "<group>"; xcLanguageSpecificationIdentifier = xcode.lang.objc; };
		59F208EE1C03920800CC2392 /* AlertDialogController.h */ = {isa = PBXFileReference; fileEncoding = 4; lastKnownFileType = sourcecode.c.h; path = AlertDialogController.h; sourceTree = "<group>"; };
		59F208EF1C03920800CC2392 /* AlertDialogController.m */ = {isa = PBXFileReference; fileEncoding = 4; lastKnownFileType = sourcecode.c.objc; path = AlertDialogController.m; sourceTree = "<group>"; };
		59F5EDA81C652E3700CE7D32 /* SessionManager.h */ = {isa = PBXFileReference; fileEncoding = 4; lastKnownFileType = sourcecode.c.h; path = SessionManager.h; sourceTree = "<group>"; };
		59F5EDA91C652E3700CE7D32 /* SessionManager.m */ = {isa = PBXFileReference; fileEncoding = 4; lastKnownFileType = sourcecode.c.objc; path = SessionManager.m; sourceTree = "<group>"; };
		59F5EDAC1C653CA400CE7D32 /* TokenRequestHandler.h */ = {isa = PBXFileReference; fileEncoding = 4; lastKnownFileType = sourcecode.c.h; path = TokenRequestHandler.h; sourceTree = "<group>"; };
		59F5EDAD1C653CA400CE7D32 /* TokenRequestHandler.m */ = {isa = PBXFileReference; fileEncoding = 4; lastKnownFileType = sourcecode.c.objc; path = TokenRequestHandler.m; sourceTree = "<group>"; };
		652E063D172A0ECAD377861F /* Pods-twiliochat.debug.xcconfig */ = {isa = PBXFileReference; includeInIndex = 1; lastKnownFileType = text.xcconfig; name = "Pods-twiliochat.debug.xcconfig"; path = "Pods/Target Support Files/Pods-twiliochat/Pods-twiliochat.debug.xcconfig"; sourceTree = "<group>"; };
		7834F26AFB8ED02DD8AF41DF /* libPods-twiliochat.a */ = {isa = PBXFileReference; explicitFileType = archive.ar; includeInIndex = 0; path = "libPods-twiliochat.a"; sourceTree = BUILT_PRODUCTS_DIR; };
		7D8DCB131BFED14F009B1B6D /* IPMessagingManagerLoginTests.m */ = {isa = PBXFileReference; fileEncoding = 4; lastKnownFileType = sourcecode.c.objc; path = IPMessagingManagerLoginTests.m; sourceTree = "<group>"; };
		7DAC272A1C053D08006CEA49 /* ChannelManager.h */ = {isa = PBXFileReference; fileEncoding = 4; lastKnownFileType = sourcecode.c.h; lineEnding = 0; path = ChannelManager.h; sourceTree = "<group>"; xcLanguageSpecificationIdentifier = xcode.lang.objcpp; };
		7DAC272B1C053D08006CEA49 /* ChannelManager.m */ = {isa = PBXFileReference; fileEncoding = 4; lastKnownFileType = sourcecode.c.objc; lineEnding = 0; path = ChannelManager.m; sourceTree = "<group>"; xcLanguageSpecificationIdentifier = xcode.lang.objc; };
		8270D2027DDF16AF9AADE12D /* libPods-twiliochatTests.a */ = {isa = PBXFileReference; explicitFileType = archive.ar; includeInIndex = 0; path = "libPods-twiliochatTests.a"; sourceTree = BUILT_PRODUCTS_DIR; };
		870855401C061C05006E38F5 /* StatusEntry.h */ = {isa = PBXFileReference; fileEncoding = 4; lastKnownFileType = sourcecode.c.h; path = StatusEntry.h; sourceTree = "<group>"; };
		870855411C061C05006E38F5 /* StatusEntry.m */ = {isa = PBXFileReference; fileEncoding = 4; lastKnownFileType = sourcecode.c.objc; path = StatusEntry.m; sourceTree = "<group>"; };
		8750C85D1BF530330015CBE1 /* Keys.plist */ = {isa = PBXFileReference; fileEncoding = 4; lastKnownFileType = text.plist.xml; path = Keys.plist; sourceTree = "<group>"; };
		8762FB921C0F348600A1A035 /* DateTodayFormatter.h */ = {isa = PBXFileReference; fileEncoding = 4; lastKnownFileType = sourcecode.c.h; path = DateTodayFormatter.h; sourceTree = "<group>"; };
		8762FB931C0F348600A1A035 /* DateTodayFormatter.m */ = {isa = PBXFileReference; fileEncoding = 4; lastKnownFileType = sourcecode.c.objc; path = DateTodayFormatter.m; sourceTree = "<group>"; };
		87A486001BFB5E9500E4BE8F /* ChatTableCell.h */ = {isa = PBXFileReference; fileEncoding = 4; lastKnownFileType = sourcecode.c.h; path = ChatTableCell.h; sourceTree = "<group>"; };
		87A486011BFB5E9500E4BE8F /* ChatTableCell.m */ = {isa = PBXFileReference; fileEncoding = 4; lastKnownFileType = sourcecode.c.objc; path = ChatTableCell.m; sourceTree = "<group>"; };
		87B6AC1F1BF51D6600E55FE2 /* twiliochat.app */ = {isa = PBXFileReference; explicitFileType = wrapper.application; includeInIndex = 0; path = twiliochat.app; sourceTree = BUILT_PRODUCTS_DIR; };
		87B6AC231BF51D6600E55FE2 /* main.m */ = {isa = PBXFileReference; lastKnownFileType = sourcecode.c.objc; path = main.m; sourceTree = "<group>"; };
		87B6AC251BF51D6600E55FE2 /* AppDelegate.h */ = {isa = PBXFileReference; lastKnownFileType = sourcecode.c.h; path = AppDelegate.h; sourceTree = "<group>"; };
		87B6AC261BF51D6600E55FE2 /* AppDelegate.m */ = {isa = PBXFileReference; lastKnownFileType = sourcecode.c.objc; path = AppDelegate.m; sourceTree = "<group>"; };
		87B6AC281BF51D6600E55FE2 /* LoginViewController.h */ = {isa = PBXFileReference; lastKnownFileType = sourcecode.c.h; path = LoginViewController.h; sourceTree = "<group>"; };
		87B6AC291BF51D6600E55FE2 /* LoginViewController.m */ = {isa = PBXFileReference; lastKnownFileType = sourcecode.c.objc; lineEnding = 0; path = LoginViewController.m; sourceTree = "<group>"; xcLanguageSpecificationIdentifier = xcode.lang.objc; };
		87B6AC2C1BF51D6600E55FE2 /* Base */ = {isa = PBXFileReference; lastKnownFileType = file.storyboard; name = Base; path = Base.lproj/Main.storyboard; sourceTree = "<group>"; };
		87B6AC2E1BF51D6600E55FE2 /* Assets.xcassets */ = {isa = PBXFileReference; lastKnownFileType = folder.assetcatalog; path = Assets.xcassets; sourceTree = "<group>"; };
		87B6AC311BF51D6600E55FE2 /* Base */ = {isa = PBXFileReference; lastKnownFileType = file.storyboard; name = Base; path = Base.lproj/LaunchScreen.storyboard; sourceTree = "<group>"; };
		87B6AC331BF51D6600E55FE2 /* Info.plist */ = {isa = PBXFileReference; lastKnownFileType = text.plist.xml; path = Info.plist; sourceTree = "<group>"; };
		87B6AC381BF51D6600E55FE2 /* twiliochatTests.xctest */ = {isa = PBXFileReference; explicitFileType = wrapper.cfbundle; includeInIndex = 0; path = twiliochatTests.xctest; sourceTree = BUILT_PRODUCTS_DIR; };
		87B6AC3C1BF51D6600E55FE2 /* LoginViewControllerTests.m */ = {isa = PBXFileReference; lastKnownFileType = sourcecode.c.objc; path = LoginViewControllerTests.m; sourceTree = "<group>"; };
		87B6AC3E1BF51D6600E55FE2 /* Info.plist */ = {isa = PBXFileReference; lastKnownFileType = text.plist.xml; path = Info.plist; sourceTree = "<group>"; };
		87B6AC431BF51D6600E55FE2 /* twiliochatUITests.xctest */ = {isa = PBXFileReference; explicitFileType = wrapper.cfbundle; includeInIndex = 0; path = twiliochatUITests.xctest; sourceTree = BUILT_PRODUCTS_DIR; };
		87B6AC471BF51D6600E55FE2 /* twiliochatUITests.m */ = {isa = PBXFileReference; lastKnownFileType = sourcecode.c.objc; path = twiliochatUITests.m; sourceTree = "<group>"; };
		87B6AC491BF51D6600E55FE2 /* Info.plist */ = {isa = PBXFileReference; lastKnownFileType = text.plist.xml; path = Info.plist; sourceTree = "<group>"; };
		87DB89EB1BFE398C00E3935B /* MessagingManagerPresentTests.m */ = {isa = PBXFileReference; fileEncoding = 4; lastKnownFileType = sourcecode.c.objc; path = MessagingManagerPresentTests.m; sourceTree = "<group>"; };
		87DB89EF1C03A94300E3935B /* NSDate+ISO8601Parser.h */ = {isa = PBXFileReference; fileEncoding = 4; lastKnownFileType = sourcecode.c.h; path = "NSDate+ISO8601Parser.h"; sourceTree = "<group>"; };
		87DB89F01C03A94300E3935B /* NSDate+ISO8601Parser.m */ = {isa = PBXFileReference; fileEncoding = 4; lastKnownFileType = sourcecode.c.objc; path = "NSDate+ISO8601Parser.m"; sourceTree = "<group>"; };
		87EF60271C0902F400814B63 /* TextFieldFormHandler.h */ = {isa = PBXFileReference; fileEncoding = 4; lastKnownFileType = sourcecode.c.h; path = TextFieldFormHandler.h; sourceTree = "<group>"; };
		87EF60281C0902F400814B63 /* TextFieldFormHandler.m */ = {isa = PBXFileReference; fileEncoding = 4; lastKnownFileType = sourcecode.c.objc; lineEnding = 0; path = TextFieldFormHandler.m; sourceTree = "<group>"; xcLanguageSpecificationIdentifier = xcode.lang.objc; };
		87F2CE6E1BFD2C390064D863 /* ChatTableCell.xib */ = {isa = PBXFileReference; fileEncoding = 4; lastKnownFileType = file.xib; path = ChatTableCell.xib; sourceTree = "<group>"; };
		87F2CE721BFD356F0064D863 /* ChatStatusTableCell.xib */ = {isa = PBXFileReference; fileEncoding = 4; lastKnownFileType = file.xib; path = ChatStatusTableCell.xib; sourceTree = "<group>"; };
		8CEDAD3D5DA10C223B280F8B /* Pods-twiliochatUITests.release.xcconfig */ = {isa = PBXFileReference; includeInIndex = 1; lastKnownFileType = text.xcconfig; name = "Pods-twiliochatUITests.release.xcconfig"; path = "Pods/Target Support Files/Pods-twiliochatUITests/Pods-twiliochatUITests.release.xcconfig"; sourceTree = "<group>"; };
		AD1EBB901C09617C00D35A96 /* defines.h */ = {isa = PBXFileReference; lastKnownFileType = sourcecode.c.h; path = defines.h; sourceTree = "<group>"; };
		AD9906D41C0EB1A800913A52 /* DateTodayFormatterTests.m */ = {isa = PBXFileReference; fileEncoding = 4; lastKnownFileType = sourcecode.c.objc; path = DateTodayFormatterTests.m; sourceTree = "<group>"; };
/* End PBXFileReference section */

/* Begin PBXFrameworksBuildPhase section */
		87B6AC1C1BF51D6600E55FE2 /* Frameworks */ = {
			isa = PBXFrameworksBuildPhase;
			buildActionMask = 2147483647;
			files = (
				1280D1A926807A523E8A2697 /* libPods-twiliochat.a in Frameworks */,
			);
			runOnlyForDeploymentPostprocessing = 0;
		};
		87B6AC351BF51D6600E55FE2 /* Frameworks */ = {
			isa = PBXFrameworksBuildPhase;
			buildActionMask = 2147483647;
			files = (
				203A90AB705CF217141F2412 /* libPods-twiliochatTests.a in Frameworks */,
			);
			runOnlyForDeploymentPostprocessing = 0;
		};
		87B6AC401BF51D6600E55FE2 /* Frameworks */ = {
			isa = PBXFrameworksBuildPhase;
			buildActionMask = 2147483647;
			files = (
				A6791A025DDCD04B5D1F443F /* libPods-twiliochatUITests.a in Frameworks */,
			);
			runOnlyForDeploymentPostprocessing = 0;
		};
/* End PBXFrameworksBuildPhase section */

/* Begin PBXGroup section */
		593F44781BFA7D3400B57504 /* util */ = {
			isa = PBXGroup;
			children = (
				87EF60271C0902F400814B63 /* TextFieldFormHandler.h */,
				87EF60281C0902F400814B63 /* TextFieldFormHandler.m */,
				593F44791BFA7D6A00B57504 /* InputDialogController.h */,
				593F447A1BFA7D6A00B57504 /* InputDialogController.m */,
				59F208EE1C03920800CC2392 /* AlertDialogController.h */,
				59F208EF1C03920800CC2392 /* AlertDialogController.m */,
				87DB89EF1C03A94300E3935B /* NSDate+ISO8601Parser.h */,
				87DB89F01C03A94300E3935B /* NSDate+ISO8601Parser.m */,
				8762FB921C0F348600A1A035 /* DateTodayFormatter.h */,
				8762FB931C0F348600A1A035 /* DateTodayFormatter.m */,
				59F5EDAC1C653CA400CE7D32 /* TokenRequestHandler.h */,
				59F5EDAD1C653CA400CE7D32 /* TokenRequestHandler.m */,
			);
			name = util;
			sourceTree = "<group>";
		};
		59B7FAE11BF542BF008824EA /* login */ = {
			isa = PBXGroup;
			children = (
				87B6AC281BF51D6600E55FE2 /* LoginViewController.h */,
				87B6AC291BF51D6600E55FE2 /* LoginViewController.m */,
			);
			name = login;
			sourceTree = "<group>";
		};
		59BD03131BF68C0000A4AA88 /* chat */ = {
			isa = PBXGroup;
			children = (
				59BD03141BF68C1E00A4AA88 /* MainChatViewController.h */,
				59BD03151BF68C1E00A4AA88 /* MainChatViewController.m */,
				87A486001BFB5E9500E4BE8F /* ChatTableCell.h */,
				87A486011BFB5E9500E4BE8F /* ChatTableCell.m */,
				870855401C061C05006E38F5 /* StatusEntry.h */,
				870855411C061C05006E38F5 /* StatusEntry.m */,
			);
			name = chat;
			sourceTree = "<group>";
		};
		59BD03171BF6930700A4AA88 /* menu */ = {
			isa = PBXGroup;
			children = (
				59BD031B1BF6936000A4AA88 /* MenuViewController.h */,
				59BD031C1BF6936000A4AA88 /* MenuViewController.m */,
				593F44751BFA5E2900B57504 /* MenuTableCell.h */,
				593F44761BFA5E2900B57504 /* MenuTableCell.m */,
			);
			name = menu;
			sourceTree = "<group>";
		};
		59BD031E1BFA28DF00A4AA88 /* messaging */ = {
			isa = PBXGroup;
			children = (
				59BD031F1BFA296900A4AA88 /* MessagingManager.h */,
				59BD03201BFA296900A4AA88 /* MessagingManager.m */,
			);
			name = messaging;
			sourceTree = "<group>";
		};
		59F5EDAB1C65384400CE7D32 /* session */ = {
			isa = PBXGroup;
			children = (
				59F5EDA81C652E3700CE7D32 /* SessionManager.h */,
				59F5EDA91C652E3700CE7D32 /* SessionManager.m */,
			);
			name = session;
			sourceTree = "<group>";
		};
		797EBDD49B927B469DA2C914 /* Pods */ = {
			isa = PBXGroup;
			children = (
				652E063D172A0ECAD377861F /* Pods-twiliochat.debug.xcconfig */,
				413E6B0A06E863D82FE7B36B /* Pods-twiliochat.release.xcconfig */,
				3AAB383831FE87AC3AD63E71 /* Pods-twiliochatTests.debug.xcconfig */,
				26536A5AB78E28EBB872158F /* Pods-twiliochatTests.release.xcconfig */,
				014FD06230CEB21B7E64E90F /* Pods-twiliochatUITests.debug.xcconfig */,
				8CEDAD3D5DA10C223B280F8B /* Pods-twiliochatUITests.release.xcconfig */,
			);
			name = Pods;
			sourceTree = "<group>";
		};
		7DD549871C053E0B00AC9496 /* channels */ = {
			isa = PBXGroup;
			children = (
				7DAC272A1C053D08006CEA49 /* ChannelManager.h */,
				7DAC272B1C053D08006CEA49 /* ChannelManager.m */,
			);
			name = channels;
			sourceTree = "<group>";
		};
		8750C8611BF5315E0015CBE1 /* Resources */ = {
			isa = PBXGroup;
			children = (
				8750C85D1BF530330015CBE1 /* Keys.plist */,
			);
			name = Resources;
			sourceTree = "<group>";
		};
		87B6AC161BF51D6600E55FE2 = {
			isa = PBXGroup;
			children = (
				87B6AC211BF51D6600E55FE2 /* twiliochat */,
				87B6AC3B1BF51D6600E55FE2 /* twiliochatTests */,
				87B6AC461BF51D6600E55FE2 /* twiliochatUITests */,
				87B6AC201BF51D6600E55FE2 /* Products */,
				797EBDD49B927B469DA2C914 /* Pods */,
				C5118FA72F42FF62E470C90A /* Frameworks */,
			);
			sourceTree = "<group>";
		};
		87B6AC201BF51D6600E55FE2 /* Products */ = {
			isa = PBXGroup;
			children = (
				87B6AC1F1BF51D6600E55FE2 /* twiliochat.app */,
				87B6AC381BF51D6600E55FE2 /* twiliochatTests.xctest */,
				87B6AC431BF51D6600E55FE2 /* twiliochatUITests.xctest */,
			);
			name = Products;
			sourceTree = "<group>";
		};
		87B6AC211BF51D6600E55FE2 /* twiliochat */ = {
			isa = PBXGroup;
			children = (
				59F5EDAB1C65384400CE7D32 /* session */,
				7DD549871C053E0B00AC9496 /* channels */,
				593F44781BFA7D3400B57504 /* util */,
				59BD031E1BFA28DF00A4AA88 /* messaging */,
				59BD03171BF6930700A4AA88 /* menu */,
				59BD03131BF68C0000A4AA88 /* chat */,
				59B7FAE11BF542BF008824EA /* login */,
				8750C8611BF5315E0015CBE1 /* Resources */,
				87B6AC251BF51D6600E55FE2 /* AppDelegate.h */,
				87B6AC261BF51D6600E55FE2 /* AppDelegate.m */,
				87B6AC2B1BF51D6600E55FE2 /* Main.storyboard */,
				87B6AC2E1BF51D6600E55FE2 /* Assets.xcassets */,
				87B6AC301BF51D6600E55FE2 /* LaunchScreen.storyboard */,
				87F2CE721BFD356F0064D863 /* ChatStatusTableCell.xib */,
				87F2CE6E1BFD2C390064D863 /* ChatTableCell.xib */,
				87B6AC331BF51D6600E55FE2 /* Info.plist */,
				87B6AC221BF51D6600E55FE2 /* Supporting Files */,
				AD1EBB901C09617C00D35A96 /* defines.h */,
			);
			path = twiliochat;
			sourceTree = "<group>";
		};
		87B6AC221BF51D6600E55FE2 /* Supporting Files */ = {
			isa = PBXGroup;
			children = (
				87B6AC231BF51D6600E55FE2 /* main.m */,
			);
			name = "Supporting Files";
			sourceTree = "<group>";
		};
		87B6AC3B1BF51D6600E55FE2 /* twiliochatTests */ = {
			isa = PBXGroup;
			children = (
				87B6AC3C1BF51D6600E55FE2 /* LoginViewControllerTests.m */,
				7D8DCB131BFED14F009B1B6D /* MessagingManagerLoginTests.m */,
				87DB89EB1BFE398C00E3935B /* MessagingManagerPresentTests.m */,
				AD9906D41C0EB1A800913A52 /* DateTodayFormatterTests.m */,
				87B6AC3E1BF51D6600E55FE2 /* Info.plist */,
			);
			path = twiliochatTests;
			sourceTree = "<group>";
		};
		87B6AC461BF51D6600E55FE2 /* twiliochatUITests */ = {
			isa = PBXGroup;
			children = (
				87B6AC471BF51D6600E55FE2 /* twiliochatUITests.m */,
				87B6AC491BF51D6600E55FE2 /* Info.plist */,
			);
			path = twiliochatUITests;
			sourceTree = "<group>";
		};
		C5118FA72F42FF62E470C90A /* Frameworks */ = {
			isa = PBXGroup;
			children = (
				7834F26AFB8ED02DD8AF41DF /* libPods-twiliochat.a */,
				8270D2027DDF16AF9AADE12D /* libPods-twiliochatTests.a */,
				0EE6C21A5FA4BAC2BD3FFCDA /* libPods-twiliochatUITests.a */,
			);
			name = Frameworks;
			sourceTree = "<group>";
		};
/* End PBXGroup section */

/* Begin PBXNativeTarget section */
		87B6AC1E1BF51D6600E55FE2 /* twiliochat */ = {
			isa = PBXNativeTarget;
			buildConfigurationList = 87B6AC4C1BF51D6600E55FE2 /* Build configuration list for PBXNativeTarget "twiliochat" */;
			buildPhases = (
				077E70BE18FBBB6FBFFA1974 /* [CP] Check Pods Manifest.lock */,
				87B6AC1B1BF51D6600E55FE2 /* Sources */,
				87B6AC1C1BF51D6600E55FE2 /* Frameworks */,
				87B6AC1D1BF51D6600E55FE2 /* Resources */,
				8E8301D39D6A1CD14165BF23 /* [CP] Embed Pods Frameworks */,
				3A1F5C58D098F483F8A0CF32 /* [CP] Copy Pods Resources */,
			);
			buildRules = (
			);
			dependencies = (
			);
			name = twiliochat;
			productName = twiliochat;
			productReference = 87B6AC1F1BF51D6600E55FE2 /* twiliochat.app */;
			productType = "com.apple.product-type.application";
		};
		87B6AC371BF51D6600E55FE2 /* twiliochatTests */ = {
			isa = PBXNativeTarget;
			buildConfigurationList = 87B6AC4F1BF51D6600E55FE2 /* Build configuration list for PBXNativeTarget "twiliochatTests" */;
			buildPhases = (
				B5BDA9214774C96866599A64 /* [CP] Check Pods Manifest.lock */,
				87B6AC341BF51D6600E55FE2 /* Sources */,
				87B6AC351BF51D6600E55FE2 /* Frameworks */,
				87B6AC361BF51D6600E55FE2 /* Resources */,
				3F46E4496381BE4502D64C8E /* [CP] Embed Pods Frameworks */,
				020B9A5ED53D445063CEABD4 /* [CP] Copy Pods Resources */,
			);
			buildRules = (
			);
			dependencies = (
				87B6AC3A1BF51D6600E55FE2 /* PBXTargetDependency */,
			);
			name = twiliochatTests;
			productName = twiliochatTests;
			productReference = 87B6AC381BF51D6600E55FE2 /* twiliochatTests.xctest */;
			productType = "com.apple.product-type.bundle.unit-test";
		};
		87B6AC421BF51D6600E55FE2 /* twiliochatUITests */ = {
			isa = PBXNativeTarget;
			buildConfigurationList = 87B6AC521BF51D6600E55FE2 /* Build configuration list for PBXNativeTarget "twiliochatUITests" */;
			buildPhases = (
				0FE004819B67092EBF755BB3 /* [CP] Check Pods Manifest.lock */,
				87B6AC3F1BF51D6600E55FE2 /* Sources */,
				87B6AC401BF51D6600E55FE2 /* Frameworks */,
				87B6AC411BF51D6600E55FE2 /* Resources */,
				4BDC22380476D3D459F372BB /* [CP] Copy Pods Resources */,
				9C2CCCCC53451F4EE6CA7004 /* [CP] Embed Pods Frameworks */,
			);
			buildRules = (
			);
			dependencies = (
				87B6AC451BF51D6600E55FE2 /* PBXTargetDependency */,
			);
			name = twiliochatUITests;
			productName = twiliochatUITests;
			productReference = 87B6AC431BF51D6600E55FE2 /* twiliochatUITests.xctest */;
			productType = "com.apple.product-type.bundle.ui-testing";
		};
/* End PBXNativeTarget section */

/* Begin PBXProject section */
		87B6AC171BF51D6600E55FE2 /* Project object */ = {
			isa = PBXProject;
			attributes = {
				LastUpgradeCheck = 0800;
				ORGANIZATIONNAME = Twilio;
				TargetAttributes = {
					87B6AC1E1BF51D6600E55FE2 = {
						CreatedOnToolsVersion = 7.1;
					};
					87B6AC371BF51D6600E55FE2 = {
						CreatedOnToolsVersion = 7.1;
						TestTargetID = 87B6AC1E1BF51D6600E55FE2;
					};
					87B6AC421BF51D6600E55FE2 = {
						CreatedOnToolsVersion = 7.1;
						TestTargetID = 87B6AC1E1BF51D6600E55FE2;
					};
				};
			};
			buildConfigurationList = 87B6AC1A1BF51D6600E55FE2 /* Build configuration list for PBXProject "twiliochat" */;
			compatibilityVersion = "Xcode 3.2";
			developmentRegion = English;
			hasScannedForEncodings = 0;
			knownRegions = (
				en,
				Base,
			);
			mainGroup = 87B6AC161BF51D6600E55FE2;
			productRefGroup = 87B6AC201BF51D6600E55FE2 /* Products */;
			projectDirPath = "";
			projectRoot = "";
			targets = (
				87B6AC1E1BF51D6600E55FE2 /* twiliochat */,
				87B6AC371BF51D6600E55FE2 /* twiliochatTests */,
				87B6AC421BF51D6600E55FE2 /* twiliochatUITests */,
			);
		};
/* End PBXProject section */

/* Begin PBXResourcesBuildPhase section */
		87B6AC1D1BF51D6600E55FE2 /* Resources */ = {
			isa = PBXResourcesBuildPhase;
			buildActionMask = 2147483647;
			files = (
				8750C85E1BF530330015CBE1 /* Keys.plist in Resources */,
				87B6AC321BF51D6600E55FE2 /* LaunchScreen.storyboard in Resources */,
				87B6AC2F1BF51D6600E55FE2 /* Assets.xcassets in Resources */,
				87F2CE6F1BFD2C390064D863 /* ChatTableCell.xib in Resources */,
				87F2CE731BFD356F0064D863 /* ChatStatusTableCell.xib in Resources */,
				87B6AC2D1BF51D6600E55FE2 /* Main.storyboard in Resources */,
			);
			runOnlyForDeploymentPostprocessing = 0;
		};
		87B6AC361BF51D6600E55FE2 /* Resources */ = {
			isa = PBXResourcesBuildPhase;
			buildActionMask = 2147483647;
			files = (
			);
			runOnlyForDeploymentPostprocessing = 0;
		};
		87B6AC411BF51D6600E55FE2 /* Resources */ = {
			isa = PBXResourcesBuildPhase;
			buildActionMask = 2147483647;
			files = (
			);
			runOnlyForDeploymentPostprocessing = 0;
		};
/* End PBXResourcesBuildPhase section */

/* Begin PBXShellScriptBuildPhase section */
		020B9A5ED53D445063CEABD4 /* [CP] Copy Pods Resources */ = {
			isa = PBXShellScriptBuildPhase;
			buildActionMask = 2147483647;
			files = (
			);
			inputPaths = (
			);
			name = "[CP] Copy Pods Resources";
			outputPaths = (
			);
			runOnlyForDeploymentPostprocessing = 0;
			shellPath = /bin/sh;
			shellScript = "\"${SRCROOT}/Pods/Target Support Files/Pods-twiliochatTests/Pods-twiliochatTests-resources.sh\"\n";
			showEnvVarsInLog = 0;
		};
		077E70BE18FBBB6FBFFA1974 /* [CP] Check Pods Manifest.lock */ = {
			isa = PBXShellScriptBuildPhase;
			buildActionMask = 2147483647;
			files = (
			);
			inputPaths = (
			);
			name = "[CP] Check Pods Manifest.lock";
			outputPaths = (
			);
			runOnlyForDeploymentPostprocessing = 0;
			shellPath = /bin/sh;
			shellScript = "diff \"${PODS_ROOT}/../Podfile.lock\" \"${PODS_ROOT}/Manifest.lock\" > /dev/null\nif [[ $? != 0 ]] ; then\n    cat << EOM\nerror: The sandbox is not in sync with the Podfile.lock. Run 'pod install' or update your CocoaPods installation.\nEOM\n    exit 1\nfi\n";
			showEnvVarsInLog = 0;
		};
		0FE004819B67092EBF755BB3 /* [CP] Check Pods Manifest.lock */ = {
			isa = PBXShellScriptBuildPhase;
			buildActionMask = 2147483647;
			files = (
			);
			inputPaths = (
			);
			name = "[CP] Check Pods Manifest.lock";
			outputPaths = (
			);
			runOnlyForDeploymentPostprocessing = 0;
			shellPath = /bin/sh;
			shellScript = "diff \"${PODS_ROOT}/../Podfile.lock\" \"${PODS_ROOT}/Manifest.lock\" > /dev/null\nif [[ $? != 0 ]] ; then\n    cat << EOM\nerror: The sandbox is not in sync with the Podfile.lock. Run 'pod install' or update your CocoaPods installation.\nEOM\n    exit 1\nfi\n";
			showEnvVarsInLog = 0;
		};
		3A1F5C58D098F483F8A0CF32 /* [CP] Copy Pods Resources */ = {
			isa = PBXShellScriptBuildPhase;
			buildActionMask = 2147483647;
			files = (
			);
			inputPaths = (
			);
			name = "[CP] Copy Pods Resources";
			outputPaths = (
			);
			runOnlyForDeploymentPostprocessing = 0;
			shellPath = /bin/sh;
			shellScript = "\"${SRCROOT}/Pods/Target Support Files/Pods-twiliochat/Pods-twiliochat-resources.sh\"\n";
			showEnvVarsInLog = 0;
		};
		3F46E4496381BE4502D64C8E /* [CP] Embed Pods Frameworks */ = {
			isa = PBXShellScriptBuildPhase;
			buildActionMask = 2147483647;
			files = (
			);
			inputPaths = (
			);
			name = "[CP] Embed Pods Frameworks";
			outputPaths = (
			);
			runOnlyForDeploymentPostprocessing = 0;
			shellPath = /bin/sh;
			shellScript = "\"${SRCROOT}/Pods/Target Support Files/Pods-twiliochatTests/Pods-twiliochatTests-frameworks.sh\"\n";
			showEnvVarsInLog = 0;
		};
		4BDC22380476D3D459F372BB /* [CP] Copy Pods Resources */ = {
			isa = PBXShellScriptBuildPhase;
			buildActionMask = 2147483647;
			files = (
			);
			inputPaths = (
			);
			name = "[CP] Copy Pods Resources";
			outputPaths = (
			);
			runOnlyForDeploymentPostprocessing = 0;
			shellPath = /bin/sh;
			shellScript = "\"${SRCROOT}/Pods/Target Support Files/Pods-twiliochatUITests/Pods-twiliochatUITests-resources.sh\"\n";
			showEnvVarsInLog = 0;
		};
		8E8301D39D6A1CD14165BF23 /* [CP] Embed Pods Frameworks */ = {
			isa = PBXShellScriptBuildPhase;
			buildActionMask = 2147483647;
			files = (
			);
			inputPaths = (
			);
			name = "[CP] Embed Pods Frameworks";
			outputPaths = (
			);
			runOnlyForDeploymentPostprocessing = 0;
			shellPath = /bin/sh;
			shellScript = "\"${SRCROOT}/Pods/Target Support Files/Pods-twiliochat/Pods-twiliochat-frameworks.sh\"\n";
			showEnvVarsInLog = 0;
		};
		9C2CCCCC53451F4EE6CA7004 /* [CP] Embed Pods Frameworks */ = {
			isa = PBXShellScriptBuildPhase;
			buildActionMask = 2147483647;
			files = (
			);
			inputPaths = (
			);
			name = "[CP] Embed Pods Frameworks";
			outputPaths = (
			);
			runOnlyForDeploymentPostprocessing = 0;
			shellPath = /bin/sh;
			shellScript = "\"${SRCROOT}/Pods/Target Support Files/Pods-twiliochatUITests/Pods-twiliochatUITests-frameworks.sh\"\n";
			showEnvVarsInLog = 0;
		};
		B5BDA9214774C96866599A64 /* [CP] Check Pods Manifest.lock */ = {
			isa = PBXShellScriptBuildPhase;
			buildActionMask = 2147483647;
			files = (
			);
			inputPaths = (
			);
			name = "[CP] Check Pods Manifest.lock";
			outputPaths = (
			);
			runOnlyForDeploymentPostprocessing = 0;
			shellPath = /bin/sh;
			shellScript = "diff \"${PODS_ROOT}/../Podfile.lock\" \"${PODS_ROOT}/Manifest.lock\" > /dev/null\nif [[ $? != 0 ]] ; then\n    cat << EOM\nerror: The sandbox is not in sync with the Podfile.lock. Run 'pod install' or update your CocoaPods installation.\nEOM\n    exit 1\nfi\n";
			showEnvVarsInLog = 0;
		};
/* End PBXShellScriptBuildPhase section */

/* Begin PBXSourcesBuildPhase section */
		87B6AC1B1BF51D6600E55FE2 /* Sources */ = {
			isa = PBXSourcesBuildPhase;
			buildActionMask = 2147483647;
			files = (
				87B6AC2A1BF51D6600E55FE2 /* LoginViewController.m in Sources */,
				87B6AC271BF51D6600E55FE2 /* AppDelegate.m in Sources */,
				87B6AC241BF51D6600E55FE2 /* main.m in Sources */,
				59BD03161BF68C1E00A4AA88 /* MainChatViewController.m in Sources */,
				87EF60291C0902F400814B63 /* TextFieldFormHandler.m in Sources */,
				59BD03211BFA296900A4AA88 /* MessagingManager.m in Sources */,
				59BD031D1BF6936000A4AA88 /* MenuViewController.m in Sources */,
				593F447B1BFA7D6A00B57504 /* InputDialogController.m in Sources */,
				870855421C061C05006E38F5 /* StatusEntry.m in Sources */,
				87DB89F11C03A94300E3935B /* NSDate+ISO8601Parser.m in Sources */,
				59F208F01C03920800CC2392 /* AlertDialogController.m in Sources */,
				8762FB941C0F348600A1A035 /* DateTodayFormatter.m in Sources */,
				59F5EDAE1C653CA400CE7D32 /* TokenRequestHandler.m in Sources */,
				7DAC272C1C053D08006CEA49 /* ChannelManager.m in Sources */,
				593F44771BFA5E2900B57504 /* MenuTableCell.m in Sources */,
				59F5EDAA1C652E3700CE7D32 /* SessionManager.m in Sources */,
				87A486021BFB5E9500E4BE8F /* ChatTableCell.m in Sources */,
			);
			runOnlyForDeploymentPostprocessing = 0;
		};
		87B6AC341BF51D6600E55FE2 /* Sources */ = {
			isa = PBXSourcesBuildPhase;
			buildActionMask = 2147483647;
			files = (
				87DB89EC1BFE398C00E3935B /* MessagingManagerPresentTests.m in Sources */,
				AD9906D51C0EB1A800913A52 /* DateTodayFormatterTests.m in Sources */,
				7D8DCB141BFED14F009B1B6D /* MessagingManagerLoginTests.m in Sources */,
				87B6AC3D1BF51D6600E55FE2 /* LoginViewControllerTests.m in Sources */,
			);
			runOnlyForDeploymentPostprocessing = 0;
		};
		87B6AC3F1BF51D6600E55FE2 /* Sources */ = {
			isa = PBXSourcesBuildPhase;
			buildActionMask = 2147483647;
			files = (
				87B6AC481BF51D6600E55FE2 /* twiliochatUITests.m in Sources */,
			);
			runOnlyForDeploymentPostprocessing = 0;
		};
/* End PBXSourcesBuildPhase section */

/* Begin PBXTargetDependency section */
		87B6AC3A1BF51D6600E55FE2 /* PBXTargetDependency */ = {
			isa = PBXTargetDependency;
			target = 87B6AC1E1BF51D6600E55FE2 /* twiliochat */;
			targetProxy = 87B6AC391BF51D6600E55FE2 /* PBXContainerItemProxy */;
		};
		87B6AC451BF51D6600E55FE2 /* PBXTargetDependency */ = {
			isa = PBXTargetDependency;
			target = 87B6AC1E1BF51D6600E55FE2 /* twiliochat */;
			targetProxy = 87B6AC441BF51D6600E55FE2 /* PBXContainerItemProxy */;
		};
/* End PBXTargetDependency section */

/* Begin PBXVariantGroup section */
		87B6AC2B1BF51D6600E55FE2 /* Main.storyboard */ = {
			isa = PBXVariantGroup;
			children = (
				87B6AC2C1BF51D6600E55FE2 /* Base */,
			);
			name = Main.storyboard;
			sourceTree = "<group>";
		};
		87B6AC301BF51D6600E55FE2 /* LaunchScreen.storyboard */ = {
			isa = PBXVariantGroup;
			children = (
				87B6AC311BF51D6600E55FE2 /* Base */,
			);
			name = LaunchScreen.storyboard;
			sourceTree = "<group>";
		};
/* End PBXVariantGroup section */

/* Begin XCBuildConfiguration section */
		87B6AC4A1BF51D6600E55FE2 /* Debug */ = {
			isa = XCBuildConfiguration;
			buildSettings = {
				ALWAYS_SEARCH_USER_PATHS = NO;
				CLANG_CXX_LANGUAGE_STANDARD = "gnu++0x";
				CLANG_CXX_LIBRARY = "libc++";
				CLANG_ENABLE_MODULES = YES;
				CLANG_ENABLE_OBJC_ARC = YES;
				CLANG_WARN_BOOL_CONVERSION = YES;
				CLANG_WARN_CONSTANT_CONVERSION = YES;
				CLANG_WARN_DIRECT_OBJC_ISA_USAGE = YES_ERROR;
				CLANG_WARN_EMPTY_BODY = YES;
				CLANG_WARN_ENUM_CONVERSION = YES;
				CLANG_WARN_INFINITE_RECURSION = YES;
				CLANG_WARN_INT_CONVERSION = YES;
				CLANG_WARN_OBJC_ROOT_CLASS = YES_ERROR;
				CLANG_WARN_SUSPICIOUS_MOVE = YES;
				CLANG_WARN_UNREACHABLE_CODE = YES;
				CLANG_WARN__DUPLICATE_METHOD_MATCH = YES;
				"CODE_SIGN_IDENTITY[sdk=iphoneos*]" = "iPhone Developer";
				COPY_PHASE_STRIP = NO;
				DEBUG_INFORMATION_FORMAT = dwarf;
				ENABLE_BITCODE = NO;
				ENABLE_STRICT_OBJC_MSGSEND = YES;
				ENABLE_TESTABILITY = YES;
				GCC_C_LANGUAGE_STANDARD = gnu99;
				GCC_DYNAMIC_NO_PIC = NO;
				GCC_NO_COMMON_BLOCKS = YES;
				GCC_OPTIMIZATION_LEVEL = 0;
				GCC_PREPROCESSOR_DEFINITIONS = (
					"DEBUG=1",
					"$(inherited)",
				);
				GCC_WARN_64_TO_32_BIT_CONVERSION = YES;
				GCC_WARN_ABOUT_RETURN_TYPE = YES_ERROR;
				GCC_WARN_UNDECLARED_SELECTOR = YES;
				GCC_WARN_UNINITIALIZED_AUTOS = YES_AGGRESSIVE;
				GCC_WARN_UNUSED_FUNCTION = YES;
				GCC_WARN_UNUSED_VARIABLE = YES;
				IPHONEOS_DEPLOYMENT_TARGET = 9.1;
				MTL_ENABLE_DEBUG_INFO = YES;
				ONLY_ACTIVE_ARCH = YES;
				SDKROOT = iphoneos;
				TARGETED_DEVICE_FAMILY = "1,2";
			};
			name = Debug;
		};
		87B6AC4B1BF51D6600E55FE2 /* Release */ = {
			isa = XCBuildConfiguration;
			buildSettings = {
				ALWAYS_SEARCH_USER_PATHS = NO;
				CLANG_CXX_LANGUAGE_STANDARD = "gnu++0x";
				CLANG_CXX_LIBRARY = "libc++";
				CLANG_ENABLE_MODULES = YES;
				CLANG_ENABLE_OBJC_ARC = YES;
				CLANG_WARN_BOOL_CONVERSION = YES;
				CLANG_WARN_CONSTANT_CONVERSION = YES;
				CLANG_WARN_DIRECT_OBJC_ISA_USAGE = YES_ERROR;
				CLANG_WARN_EMPTY_BODY = YES;
				CLANG_WARN_ENUM_CONVERSION = YES;
				CLANG_WARN_INFINITE_RECURSION = YES;
				CLANG_WARN_INT_CONVERSION = YES;
				CLANG_WARN_OBJC_ROOT_CLASS = YES_ERROR;
				CLANG_WARN_SUSPICIOUS_MOVE = YES;
				CLANG_WARN_UNREACHABLE_CODE = YES;
				CLANG_WARN__DUPLICATE_METHOD_MATCH = YES;
				"CODE_SIGN_IDENTITY[sdk=iphoneos*]" = "iPhone Developer";
				COPY_PHASE_STRIP = NO;
				DEBUG_INFORMATION_FORMAT = "dwarf-with-dsym";
				ENABLE_BITCODE = NO;
				ENABLE_NS_ASSERTIONS = NO;
				ENABLE_STRICT_OBJC_MSGSEND = YES;
				GCC_C_LANGUAGE_STANDARD = gnu99;
				GCC_NO_COMMON_BLOCKS = YES;
				GCC_WARN_64_TO_32_BIT_CONVERSION = YES;
				GCC_WARN_ABOUT_RETURN_TYPE = YES_ERROR;
				GCC_WARN_UNDECLARED_SELECTOR = YES;
				GCC_WARN_UNINITIALIZED_AUTOS = YES_AGGRESSIVE;
				GCC_WARN_UNUSED_FUNCTION = YES;
				GCC_WARN_UNUSED_VARIABLE = YES;
				IPHONEOS_DEPLOYMENT_TARGET = 9.1;
				MTL_ENABLE_DEBUG_INFO = NO;
				SDKROOT = iphoneos;
				TARGETED_DEVICE_FAMILY = "1,2";
				VALIDATE_PRODUCT = YES;
			};
			name = Release;
		};
		87B6AC4D1BF51D6600E55FE2 /* Debug */ = {
			isa = XCBuildConfiguration;
			baseConfigurationReference = 652E063D172A0ECAD377861F /* Pods-twiliochat.debug.xcconfig */;
			buildSettings = {
				ASSETCATALOG_COMPILER_APPICON_NAME = AppIcon;
				FRAMEWORK_SEARCH_PATHS = "$(inherited)";
				INFOPLIST_FILE = twiliochat/Info.plist;
				IPHONEOS_DEPLOYMENT_TARGET = 8.4;
				LD_RUNPATH_SEARCH_PATHS = "$(inherited) @executable_path/Frameworks";
				PRODUCT_BUNDLE_IDENTIFIER = twilio.twiliochat;
				PRODUCT_NAME = "$(TARGET_NAME)";
			};
			name = Debug;
		};
		87B6AC4E1BF51D6600E55FE2 /* Release */ = {
			isa = XCBuildConfiguration;
			baseConfigurationReference = 413E6B0A06E863D82FE7B36B /* Pods-twiliochat.release.xcconfig */;
			buildSettings = {
				ASSETCATALOG_COMPILER_APPICON_NAME = AppIcon;
				FRAMEWORK_SEARCH_PATHS = "$(inherited)";
				INFOPLIST_FILE = twiliochat/Info.plist;
				IPHONEOS_DEPLOYMENT_TARGET = 8.4;
				LD_RUNPATH_SEARCH_PATHS = "$(inherited) @executable_path/Frameworks";
				PRODUCT_BUNDLE_IDENTIFIER = twilio.twiliochat;
				PRODUCT_NAME = "$(TARGET_NAME)";
			};
			name = Release;
		};
		87B6AC501BF51D6600E55FE2 /* Debug */ = {
			isa = XCBuildConfiguration;
			baseConfigurationReference = 3AAB383831FE87AC3AD63E71 /* Pods-twiliochatTests.debug.xcconfig */;
			buildSettings = {
				BUNDLE_LOADER = "$(TEST_HOST)";
				INFOPLIST_FILE = twiliochatTests/Info.plist;
				LD_RUNPATH_SEARCH_PATHS = "$(inherited) @executable_path/Frameworks @loader_path/Frameworks";
				PRODUCT_BUNDLE_IDENTIFIER = twilio.twiliochatTests;
				PRODUCT_NAME = "$(TARGET_NAME)";
				TEST_HOST = "$(BUILT_PRODUCTS_DIR)/twiliochat.app/twiliochat";
			};
			name = Debug;
		};
		87B6AC511BF51D6600E55FE2 /* Release */ = {
			isa = XCBuildConfiguration;
			baseConfigurationReference = 26536A5AB78E28EBB872158F /* Pods-twiliochatTests.release.xcconfig */;
			buildSettings = {
				BUNDLE_LOADER = "$(TEST_HOST)";
				INFOPLIST_FILE = twiliochatTests/Info.plist;
				LD_RUNPATH_SEARCH_PATHS = "$(inherited) @executable_path/Frameworks @loader_path/Frameworks";
				PRODUCT_BUNDLE_IDENTIFIER = twilio.twiliochatTests;
				PRODUCT_NAME = "$(TARGET_NAME)";
				TEST_HOST = "$(BUILT_PRODUCTS_DIR)/twiliochat.app/twiliochat";
			};
			name = Release;
		};
		87B6AC531BF51D6600E55FE2 /* Debug */ = {
			isa = XCBuildConfiguration;
			baseConfigurationReference = 014FD06230CEB21B7E64E90F /* Pods-twiliochatUITests.debug.xcconfig */;
			buildSettings = {
				INFOPLIST_FILE = twiliochatUITests/Info.plist;
				LD_RUNPATH_SEARCH_PATHS = "$(inherited) @executable_path/Frameworks @loader_path/Frameworks";
				PRODUCT_BUNDLE_IDENTIFIER = twilio.twiliochatUITests;
				PRODUCT_NAME = "$(TARGET_NAME)";
				TEST_TARGET_NAME = twiliochat;
				USES_XCTRUNNER = YES;
			};
			name = Debug;
		};
		87B6AC541BF51D6600E55FE2 /* Release */ = {
			isa = XCBuildConfiguration;
			baseConfigurationReference = 8CEDAD3D5DA10C223B280F8B /* Pods-twiliochatUITests.release.xcconfig */;
			buildSettings = {
				INFOPLIST_FILE = twiliochatUITests/Info.plist;
				LD_RUNPATH_SEARCH_PATHS = "$(inherited) @executable_path/Frameworks @loader_path/Frameworks";
				PRODUCT_BUNDLE_IDENTIFIER = twilio.twiliochatUITests;
				PRODUCT_NAME = "$(TARGET_NAME)";
				TEST_TARGET_NAME = twiliochat;
				USES_XCTRUNNER = YES;
			};
			name = Release;
		};
/* End XCBuildConfiguration section */

/* Begin XCConfigurationList section */
		87B6AC1A1BF51D6600E55FE2 /* Build configuration list for PBXProject "twiliochat" */ = {
			isa = XCConfigurationList;
			buildConfigurations = (
				87B6AC4A1BF51D6600E55FE2 /* Debug */,
				87B6AC4B1BF51D6600E55FE2 /* Release */,
			);
			defaultConfigurationIsVisible = 0;
			defaultConfigurationName = Release;
		};
		87B6AC4C1BF51D6600E55FE2 /* Build configuration list for PBXNativeTarget "twiliochat" */ = {
			isa = XCConfigurationList;
			buildConfigurations = (
				87B6AC4D1BF51D6600E55FE2 /* Debug */,
				87B6AC4E1BF51D6600E55FE2 /* Release */,
			);
			defaultConfigurationIsVisible = 0;
			defaultConfigurationName = Release;
		};
		87B6AC4F1BF51D6600E55FE2 /* Build configuration list for PBXNativeTarget "twiliochatTests" */ = {
			isa = XCConfigurationList;
			buildConfigurations = (
				87B6AC501BF51D6600E55FE2 /* Debug */,
				87B6AC511BF51D6600E55FE2 /* Release */,
			);
			defaultConfigurationIsVisible = 0;
			defaultConfigurationName = Release;
		};
		87B6AC521BF51D6600E55FE2 /* Build configuration list for PBXNativeTarget "twiliochatUITests" */ = {
			isa = XCConfigurationList;
			buildConfigurations = (
				87B6AC531BF51D6600E55FE2 /* Debug */,
				87B6AC541BF51D6600E55FE2 /* Release */,
			);
			defaultConfigurationIsVisible = 0;
			defaultConfigurationName = Release;
		};
/* End XCConfigurationList section */
	};
	rootObject = 87B6AC171BF51D6600E55FE2 /* Project object */;
}
